
Microsoft Visual Studio Solution File, Format Version 12.00
# Visual Studio Version 17
VisualStudioVersion = 17.3.32922.545
MinimumVisualStudioVersion = 10.0.40219.1
Project("{FAE04EC0-301F-11D3-BF4B-00C04F79EFBC}") = "Latihan3.2", "Latihan3.2\Latihan3.2.csproj", "{CB3EBAA0-F141-4D08-9CEF-9A4B9A7FEBCF}"
EndProject
Global
	GlobalSection(SolutionConfigurationPlatforms) = preSolution
		Debug|Any CPU = Debug|Any CPU
		Release|Any CPU = Release|Any CPU
	EndGlobalSection
	GlobalSection(ProjectConfigurationPlatforms) = postSolution
		{CB3EBAA0-F141-4D08-9CEF-9A4B9A7FEBCF}.Debug|Any CPU.ActiveCfg = Debug|Any CPU
		{CB3EBAA0-F141-4D08-9CEF-9A4B9A7FEBCF}.Debug|Any CPU.Build.0 = Debug|Any CPU
		{CB3EBAA0-F141-4D08-9CEF-9A4B9A7FEBCF}.Release|Any CPU.ActiveCfg = Release|Any CPU
		{CB3EBAA0-F141-4D08-9CEF-9A4B9A7FEBCF}.Release|Any CPU.Build.0 = Release|Any CPU
	EndGlobalSection
	GlobalSection(SolutionProperties) = preSolution
		HideSolutionNode = FALSE
	EndGlobalSection
	GlobalSection(ExtensibilityGlobals) = postSolution
		SolutionGuid = {952F97EC-1BAE-4F15-A67F-5E751E725B15}
	EndGlobalSection
EndGlobal
